
Microsoft Visual Studio Solution File, Format Version 12.00
# Visual Studio 2012
Project("{FAE04EC0-301F-11D3-BF4B-00C04F79EFBC}") = "WoodsPriceYieldCalc", "WoodsPriceYieldCalc\WoodsPriceYieldCalc.csproj", "{58DA25F2-8F63-4439-A333-5E4C431C75E2}"
EndProject
Project("{FAE04EC0-301F-11D3-BF4B-00C04F79EFBC}") = "WoodsCalcUT", "WoodsCalcUT\WoodsCalcUT.csproj", "{952023BE-6AFA-4833-8DD1-735753C947BC}"
EndProject
Global
	GlobalSection(SolutionConfigurationPlatforms) = preSolution
		Debug|Any CPU = Debug|Any CPU
		Release|Any CPU = Release|Any CPU
	EndGlobalSection
	GlobalSection(ProjectConfigurationPlatforms) = postSolution
		{58DA25F2-8F63-4439-A333-5E4C431C75E2}.Debug|Any CPU.ActiveCfg = Debug|Any CPU
		{58DA25F2-8F63-4439-A333-5E4C431C75E2}.Debug|Any CPU.Build.0 = Debug|Any CPU
		{58DA25F2-8F63-4439-A333-5E4C431C75E2}.Release|Any CPU.ActiveCfg = Release|Any CPU
		{58DA25F2-8F63-4439-A333-5E4C431C75E2}.Release|Any CPU.Build.0 = Release|Any CPU
		{952023BE-6AFA-4833-8DD1-735753C947BC}.Debug|Any CPU.ActiveCfg = Debug|Any CPU
		{952023BE-6AFA-4833-8DD1-735753C947BC}.Debug|Any CPU.Build.0 = Debug|Any CPU
		{952023BE-6AFA-4833-8DD1-735753C947BC}.Release|Any CPU.ActiveCfg = Release|Any CPU
		{952023BE-6AFA-4833-8DD1-735753C947BC}.Release|Any CPU.Build.0 = Release|Any CPU
	EndGlobalSection
	GlobalSection(SolutionProperties) = preSolution
		HideSolutionNode = FALSE
	EndGlobalSection
	GlobalSection(Performance) = preSolution
		HasPerformanceSessions = true
	EndGlobalSection
EndGlobal
